
Microsoft Visual Studio Solution File, Format Version 12.00
# Visual Studio Version 17
VisualStudioVersion = 17.12.35707.178
MinimumVisualStudioVersion = 10.0.40219.1
Project("{FAE04EC0-301F-11D3-BF4B-00C04F79EFBC}") = "TransactionalOutboxKafka", "TransactionalOutboxKafka\TransactionalOutboxKafka.csproj", "{8E0B5043-8E4B-4CBF-AAFF-1C92D25AFF07}"
EndProject
Project("{FAE04EC0-301F-11D3-BF4B-00C04F79EFBC}") = "PersistenceUnitOfWork", "PersistenceUnitOfWork\PersistenceUnitOfWork.csproj", "{0F2522AE-A333-43DC-B8A3-DC75D51A4446}"
EndProject
Project("{FAE04EC0-301F-11D3-BF4B-00C04F79EFBC}") = "OutboxEventMessage", "OutboxEventMessage\OutboxEventMessage.csproj", "{FD833C47-9243-4ECF-B411-71A6492872F1}"
EndProject
Global
	GlobalSection(SolutionConfigurationPlatforms) = preSolution
		Debug|Any CPU = Debug|Any CPU
		Release|Any CPU = Release|Any CPU
	EndGlobalSection
	GlobalSection(ProjectConfigurationPlatforms) = postSolution
		{8E0B5043-8E4B-4CBF-AAFF-1C92D25AFF07}.Debug|Any CPU.ActiveCfg = Debug|Any CPU
		{8E0B5043-8E4B-4CBF-AAFF-1C92D25AFF07}.Debug|Any CPU.Build.0 = Debug|Any CPU
		{8E0B5043-8E4B-4CBF-AAFF-1C92D25AFF07}.Release|Any CPU.ActiveCfg = Release|Any CPU
		{8E0B5043-8E4B-4CBF-AAFF-1C92D25AFF07}.Release|Any CPU.Build.0 = Release|Any CPU
		{0F2522AE-A333-43DC-B8A3-DC75D51A4446}.Debug|Any CPU.ActiveCfg = Debug|Any CPU
		{0F2522AE-A333-43DC-B8A3-DC75D51A4446}.Debug|Any CPU.Build.0 = Debug|Any CPU
		{0F2522AE-A333-43DC-B8A3-DC75D51A4446}.Release|Any CPU.ActiveCfg = Release|Any CPU
		{0F2522AE-A333-43DC-B8A3-DC75D51A4446}.Release|Any CPU.Build.0 = Release|Any CPU
		{FD833C47-9243-4ECF-B411-71A6492872F1}.Debug|Any CPU.ActiveCfg = Debug|Any CPU
		{FD833C47-9243-4ECF-B411-71A6492872F1}.Debug|Any CPU.Build.0 = Debug|Any CPU
		{FD833C47-9243-4ECF-B411-71A6492872F1}.Release|Any CPU.ActiveCfg = Release|Any CPU
		{FD833C47-9243-4ECF-B411-71A6492872F1}.Release|Any CPU.Build.0 = Release|Any CPU
	EndGlobalSection
	GlobalSection(SolutionProperties) = preSolution
		HideSolutionNode = FALSE
	EndGlobalSection
EndGlobal
