
Microsoft Visual Studio Solution File, Format Version 12.00
# Visual Studio Version 17
VisualStudioVersion = 17.11.35222.181
MinimumVisualStudioVersion = 10.0.40219.1
Project("{FAE04EC0-301F-11D3-BF4B-00C04F79EFBC}") = "QueueSender", "QueueSender\QueueSender.csproj", "{73B34054-E904-425A-B1CB-3D7CC3770763}"
EndProject
Project("{FAE04EC0-301F-11D3-BF4B-00C04F79EFBC}") = "QueueReceiver", "QueueReceiver\QueueReceiver.csproj", "{EE950CFF-C1A9-4210-8C75-3261B4BE2AB0}"
EndProject
Global
	GlobalSection(SolutionConfigurationPlatforms) = preSolution
		Debug|Any CPU = Debug|Any CPU
		Release|Any CPU = Release|Any CPU
	EndGlobalSection
	GlobalSection(ProjectConfigurationPlatforms) = postSolution
		{73B34054-E904-425A-B1CB-3D7CC3770763}.Debug|Any CPU.ActiveCfg = Debug|Any CPU
		{73B34054-E904-425A-B1CB-3D7CC3770763}.Debug|Any CPU.Build.0 = Debug|Any CPU
		{73B34054-E904-425A-B1CB-3D7CC3770763}.Release|Any CPU.ActiveCfg = Release|Any CPU
		{73B34054-E904-425A-B1CB-3D7CC3770763}.Release|Any CPU.Build.0 = Release|Any CPU
		{EE950CFF-C1A9-4210-8C75-3261B4BE2AB0}.Debug|Any CPU.ActiveCfg = Debug|Any CPU
		{EE950CFF-C1A9-4210-8C75-3261B4BE2AB0}.Debug|Any CPU.Build.0 = Debug|Any CPU
		{EE950CFF-C1A9-4210-8C75-3261B4BE2AB0}.Release|Any CPU.ActiveCfg = Release|Any CPU
		{EE950CFF-C1A9-4210-8C75-3261B4BE2AB0}.Release|Any CPU.Build.0 = Release|Any CPU
	EndGlobalSection
	GlobalSection(SolutionProperties) = preSolution
		HideSolutionNode = FALSE
	EndGlobalSection
	GlobalSection(ExtensibilityGlobals) = postSolution
		SolutionGuid = {CA9E0364-A752-4E3A-9496-700560A59663}
	EndGlobalSection
EndGlobal
